// !$*UTF8*$!
{
	archiveVersion = 1;
	classes = {
	};
	objectVersion = 46;
	objects = {

/* Begin PBXBuildFile section */
		A21FD4BF199C4C41000C40A2 /* AppDelegate.swift in Sources */ = {isa = PBXBuildFile; fileRef = A21FD4BE199C4C41000C40A2 /* AppDelegate.swift */; };
		A21FD4C3199C4C41000C40A2 /* GameScene.swift in Sources */ = {isa = PBXBuildFile; fileRef = A21FD4C2199C4C41000C40A2 /* GameScene.swift */; };
		A21FD4C5199C4C41000C40A2 /* GameViewController.swift in Sources */ = {isa = PBXBuildFile; fileRef = A21FD4C4199C4C41000C40A2 /* GameViewController.swift */; };
		A21FD4C8199C4C41000C40A2 /* Main.storyboard in Resources */ = {isa = PBXBuildFile; fileRef = A21FD4C6199C4C41000C40A2 /* Main.storyboard */; };
		A21FD4CA199C4C41000C40A2 /* Images.xcassets in Resources */ = {isa = PBXBuildFile; fileRef = A21FD4C9199C4C41000C40A2 /* Images.xcassets */; };
		A21FD4D6199C4C42000C40A2 /* SwiftrisTests.swift in Sources */ = {isa = PBXBuildFile; fileRef = A21FD4D5199C4C42000C40A2 /* SwiftrisTests.swift */; };
		A2400028199C4F6E007EB3DE /* bomb.mp3 in Resources */ = {isa = PBXBuildFile; fileRef = A2400023199C4F6E007EB3DE /* bomb.mp3 */; };
		A2400029199C4F6E007EB3DE /* drop.mp3 in Resources */ = {isa = PBXBuildFile; fileRef = A2400024199C4F6E007EB3DE /* drop.mp3 */; };
		A240002A199C4F6E007EB3DE /* gameover.mp3 in Resources */ = {isa = PBXBuildFile; fileRef = A2400025199C4F6E007EB3DE /* gameover.mp3 */; };
		A240002B199C4F6E007EB3DE /* levelup.mp3 in Resources */ = {isa = PBXBuildFile; fileRef = A2400026199C4F6E007EB3DE /* levelup.mp3 */; };
		A240002C199C4F6E007EB3DE /* theme.mp3 in Resources */ = {isa = PBXBuildFile; fileRef = A2400027199C4F6E007EB3DE /* theme.mp3 */; };
		A240002E199C4F8B007EB3DE /* Sprites.atlas in Resources */ = {isa = PBXBuildFile; fileRef = A240002D199C4F8B007EB3DE /* Sprites.atlas */; };
		A2400035199C5016007EB3DE /* background.png in Resources */ = {isa = PBXBuildFile; fileRef = A240002F199C5016007EB3DE /* background.png */; };
		A2400036199C5016007EB3DE /* background@2x.png in Resources */ = {isa = PBXBuildFile; fileRef = A2400030199C5016007EB3DE /* background@2x.png */; };
		A2400037199C5016007EB3DE /* gameboard.png in Resources */ = {isa = PBXBuildFile; fileRef = A2400031199C5016007EB3DE /* gameboard.png */; };
		A2400038199C5016007EB3DE /* gameboard@2x.png in Resources */ = {isa = PBXBuildFile; fileRef = A2400032199C5016007EB3DE /* gameboard@2x.png */; };
		A2400039199C5016007EB3DE /* whitebg.png in Resources */ = {isa = PBXBuildFile; fileRef = A2400033199C5016007EB3DE /* whitebg.png */; };
		A240003A199C5016007EB3DE /* whitebg@2x.png in Resources */ = {isa = PBXBuildFile; fileRef = A2400034199C5016007EB3DE /* whitebg@2x.png */; };
/* End PBXBuildFile section */

/* Begin PBXContainerItemProxy section */
		A21FD4D0199C4C42000C40A2 /* PBXContainerItemProxy */ = {
			isa = PBXContainerItemProxy;
			containerPortal = A21FD4B1199C4C41000C40A2 /* Project object */;
			proxyType = 1;
			remoteGlobalIDString = A21FD4B8199C4C41000C40A2;
			remoteInfo = Swiftris;
		};
/* End PBXContainerItemProxy section */

/* Begin PBXFileReference section */
		A21FD4B9199C4C41000C40A2 /* Swiftris.app */ = {isa = PBXFileReference; explicitFileType = wrapper.application; includeInIndex = 0; path = Swiftris.app; sourceTree = BUILT_PRODUCTS_DIR; };
		A21FD4BD199C4C41000C40A2 /* Info.plist */ = {isa = PBXFileReference; lastKnownFileType = text.plist.xml; path = Info.plist; sourceTree = "<group>"; };
		A21FD4BE199C4C41000C40A2 /* AppDelegate.swift */ = {isa = PBXFileReference; lastKnownFileType = sourcecode.swift; path = AppDelegate.swift; sourceTree = "<group>"; };
		A21FD4C2199C4C41000C40A2 /* GameScene.swift */ = {isa = PBXFileReference; lastKnownFileType = sourcecode.swift; path = GameScene.swift; sourceTree = "<group>"; };
		A21FD4C4199C4C41000C40A2 /* GameViewController.swift */ = {isa = PBXFileReference; lastKnownFileType = sourcecode.swift; path = GameViewController.swift; sourceTree = "<group>"; };
		A21FD4C7199C4C41000C40A2 /* Base */ = {isa = PBXFileReference; lastKnownFileType = file.storyboard; name = Base; path = Base.lproj/Main.storyboard; sourceTree = "<group>"; };
		A21FD4C9199C4C41000C40A2 /* Images.xcassets */ = {isa = PBXFileReference; lastKnownFileType = folder.assetcatalog; path = Images.xcassets; sourceTree = "<group>"; };
		A21FD4CF199C4C42000C40A2 /* SwiftrisTests.xctest */ = {isa = PBXFileReference; explicitFileType = wrapper.cfbundle; includeInIndex = 0; path = SwiftrisTests.xctest; sourceTree = BUILT_PRODUCTS_DIR; };
		A21FD4D4199C4C42000C40A2 /* Info.plist */ = {isa = PBXFileReference; lastKnownFileType = text.plist.xml; path = Info.plist; sourceTree = "<group>"; };
		A21FD4D5199C4C42000C40A2 /* SwiftrisTests.swift */ = {isa = PBXFileReference; lastKnownFileType = sourcecode.swift; path = SwiftrisTests.swift; sourceTree = "<group>"; };
		A2400023199C4F6E007EB3DE /* bomb.mp3 */ = {isa = PBXFileReference; lastKnownFileType = audio.mp3; path = bomb.mp3; sourceTree = "<group>"; };
		A2400024199C4F6E007EB3DE /* drop.mp3 */ = {isa = PBXFileReference; lastKnownFileType = audio.mp3; path = drop.mp3; sourceTree = "<group>"; };
		A2400025199C4F6E007EB3DE /* gameover.mp3 */ = {isa = PBXFileReference; lastKnownFileType = audio.mp3; path = gameover.mp3; sourceTree = "<group>"; };
		A2400026199C4F6E007EB3DE /* levelup.mp3 */ = {isa = PBXFileReference; lastKnownFileType = audio.mp3; path = levelup.mp3; sourceTree = "<group>"; };
		A2400027199C4F6E007EB3DE /* theme.mp3 */ = {isa = PBXFileReference; lastKnownFileType = audio.mp3; path = theme.mp3; sourceTree = "<group>"; };
		A240002D199C4F8B007EB3DE /* Sprites.atlas */ = {isa = PBXFileReference; lastKnownFileType = folder.skatlas; path = Sprites.atlas; sourceTree = "<group>"; };
		A240002F199C5016007EB3DE /* background.png */ = {isa = PBXFileReference; lastKnownFileType = image.png; path = background.png; sourceTree = "<group>"; };
		A2400030199C5016007EB3DE /* background@2x.png */ = {isa = PBXFileReference; lastKnownFileType = image.png; path = "background@2x.png"; sourceTree = "<group>"; };
		A2400031199C5016007EB3DE /* gameboard.png */ = {isa = PBXFileReference; lastKnownFileType = image.png; path = gameboard.png; sourceTree = "<group>"; };
		A2400032199C5016007EB3DE /* gameboard@2x.png */ = {isa = PBXFileReference; lastKnownFileType = image.png; path = "gameboard@2x.png"; sourceTree = "<group>"; };
		A2400033199C5016007EB3DE /* whitebg.png */ = {isa = PBXFileReference; lastKnownFileType = image.png; path = whitebg.png; sourceTree = "<group>"; };
		A2400034199C5016007EB3DE /* whitebg@2x.png */ = {isa = PBXFileReference; lastKnownFileType = image.png; path = "whitebg@2x.png"; sourceTree = "<group>"; };
/* End PBXFileReference section */

/* Begin PBXFrameworksBuildPhase section */
		A21FD4B6199C4C41000C40A2 /* Frameworks */ = {
			isa = PBXFrameworksBuildPhase;
			buildActionMask = 2147483647;
			files = (
			);
			runOnlyForDeploymentPostprocessing = 0;
		};
		A21FD4CC199C4C42000C40A2 /* Frameworks */ = {
			isa = PBXFrameworksBuildPhase;
			buildActionMask = 2147483647;
			files = (
			);
			runOnlyForDeploymentPostprocessing = 0;
		};
/* End PBXFrameworksBuildPhase section */

/* Begin PBXGroup section */
		A21FD4B0199C4C41000C40A2 = {
			isa = PBXGroup;
			children = (
				A21FD4BB199C4C41000C40A2 /* Swiftris */,
				A21FD4D2199C4C42000C40A2 /* SwiftrisTests */,
				A21FD4BA199C4C41000C40A2 /* Products */,
			);
			sourceTree = "<group>";
		};
		A21FD4BA199C4C41000C40A2 /* Products */ = {
			isa = PBXGroup;
			children = (
				A21FD4B9199C4C41000C40A2 /* Swiftris.app */,
				A21FD4CF199C4C42000C40A2 /* SwiftrisTests.xctest */,
			);
			name = Products;
			sourceTree = "<group>";
		};
		A21FD4BB199C4C41000C40A2 /* Swiftris */ = {
			isa = PBXGroup;
			children = (
				A21FD4BE199C4C41000C40A2 /* AppDelegate.swift */,
				A21FD4C2199C4C41000C40A2 /* GameScene.swift */,
				A21FD4C4199C4C41000C40A2 /* GameViewController.swift */,
				A21FD4C6199C4C41000C40A2 /* Main.storyboard */,
				A21FD4C9199C4C41000C40A2 /* Images.xcassets */,
				A2400022199C4F6E007EB3DE /* Sounds */,
				A240002D199C4F8B007EB3DE /* Sprites.atlas */,
				A21FD4BC199C4C41000C40A2 /* Supporting Files */,
			);
			path = Swiftris;
			sourceTree = "<group>";
		};
		A21FD4BC199C4C41000C40A2 /* Supporting Files */ = {
			isa = PBXGroup;
			children = (
				A240002F199C5016007EB3DE /* background.png */,
				A2400030199C5016007EB3DE /* background@2x.png */,
				A2400031199C5016007EB3DE /* gameboard.png */,
				A2400032199C5016007EB3DE /* gameboard@2x.png */,
				A2400033199C5016007EB3DE /* whitebg.png */,
				A2400034199C5016007EB3DE /* whitebg@2x.png */,
				A21FD4BD199C4C41000C40A2 /* Info.plist */,
			);
			name = "Supporting Files";
			sourceTree = "<group>";
		};
		A21FD4D2199C4C42000C40A2 /* SwiftrisTests */ = {
			isa = PBXGroup;
			children = (
				A21FD4D5199C4C42000C40A2 /* SwiftrisTests.swift */,
				A21FD4D3199C4C42000C40A2 /* Supporting Files */,
			);
			path = SwiftrisTests;
			sourceTree = "<group>";
		};
		A21FD4D3199C4C42000C40A2 /* Supporting Files */ = {
			isa = PBXGroup;
			children = (
				A21FD4D4199C4C42000C40A2 /* Info.plist */,
			);
			name = "Supporting Files";
			sourceTree = "<group>";
		};
		A2400022199C4F6E007EB3DE /* Sounds */ = {
			isa = PBXGroup;
			children = (
				A2400023199C4F6E007EB3DE /* bomb.mp3 */,
				A2400024199C4F6E007EB3DE /* drop.mp3 */,
				A2400025199C4F6E007EB3DE /* gameover.mp3 */,
				A2400026199C4F6E007EB3DE /* levelup.mp3 */,
				A2400027199C4F6E007EB3DE /* theme.mp3 */,
			);
			path = Sounds;
			sourceTree = "<group>";
		};
/* End PBXGroup section */

/* Begin PBXNativeTarget section */
		A21FD4B8199C4C41000C40A2 /* Swiftris */ = {
			isa = PBXNativeTarget;
			buildConfigurationList = A21FD4D9199C4C42000C40A2 /* Build configuration list for PBXNativeTarget "Swiftris" */;
			buildPhases = (
				A21FD4B5199C4C41000C40A2 /* Sources */,
				A21FD4B6199C4C41000C40A2 /* Frameworks */,
				A21FD4B7199C4C41000C40A2 /* Resources */,
			);
			buildRules = (
			);
			dependencies = (
			);
			name = Swiftris;
			productName = Swiftris;
			productReference = A21FD4B9199C4C41000C40A2 /* Swiftris.app */;
			productType = "com.apple.product-type.application";
		};
		A21FD4CE199C4C42000C40A2 /* SwiftrisTests */ = {
			isa = PBXNativeTarget;
			buildConfigurationList = A21FD4DC199C4C42000C40A2 /* Build configuration list for PBXNativeTarget "SwiftrisTests" */;
			buildPhases = (
				A21FD4CB199C4C42000C40A2 /* Sources */,
				A21FD4CC199C4C42000C40A2 /* Frameworks */,
				A21FD4CD199C4C42000C40A2 /* Resources */,
			);
			buildRules = (
			);
			dependencies = (
				A21FD4D1199C4C42000C40A2 /* PBXTargetDependency */,
			);
			name = SwiftrisTests;
			productName = SwiftrisTests;
			productReference = A21FD4CF199C4C42000C40A2 /* SwiftrisTests.xctest */;
			productType = "com.apple.product-type.bundle.unit-test";
		};
/* End PBXNativeTarget section */

/* Begin PBXProject section */
		A21FD4B1199C4C41000C40A2 /* Project object */ = {
			isa = PBXProject;
			attributes = {
				LastUpgradeCheck = 0600;
				ORGANIZATIONNAME = "m-five";
				TargetAttributes = {
					A21FD4B8199C4C41000C40A2 = {
						CreatedOnToolsVersion = 6.0;
					};
					A21FD4CE199C4C42000C40A2 = {
						CreatedOnToolsVersion = 6.0;
						TestTargetID = A21FD4B8199C4C41000C40A2;
					};
				};
			};
			buildConfigurationList = A21FD4B4199C4C41000C40A2 /* Build configuration list for PBXProject "Swiftris" */;
			compatibilityVersion = "Xcode 3.2";
			developmentRegion = English;
			hasScannedForEncodings = 0;
			knownRegions = (
				en,
				Base,
			);
			mainGroup = A21FD4B0199C4C41000C40A2;
			productRefGroup = A21FD4BA199C4C41000C40A2 /* Products */;
			projectDirPath = "";
			projectRoot = "";
			targets = (
				A21FD4B8199C4C41000C40A2 /* Swiftris */,
				A21FD4CE199C4C42000C40A2 /* SwiftrisTests */,
			);
		};
/* End PBXProject section */

/* Begin PBXResourcesBuildPhase section */
		A21FD4B7199C4C41000C40A2 /* Resources */ = {
			isa = PBXResourcesBuildPhase;
			buildActionMask = 2147483647;
			files = (
				A21FD4CA199C4C41000C40A2 /* Images.xcassets in Resources */,
				A240002A199C4F6E007EB3DE /* gameover.mp3 in Resources */,
				A2400039199C5016007EB3DE /* whitebg.png in Resources */,
				A240002E199C4F8B007EB3DE /* Sprites.atlas in Resources */,
				A2400038199C5016007EB3DE /* gameboard@2x.png in Resources */,
				A21FD4C8199C4C41000C40A2 /* Main.storyboard in Resources */,
				A2400028199C4F6E007EB3DE /* bomb.mp3 in Resources */,
				A240003A199C5016007EB3DE /* whitebg@2x.png in Resources */,
				A240002B199C4F6E007EB3DE /* levelup.mp3 in Resources */,
				A240002C199C4F6E007EB3DE /* theme.mp3 in Resources */,
				A2400035199C5016007EB3DE /* background.png in Resources */,
				A2400036199C5016007EB3DE /* background@2x.png in Resources */,
				A2400037199C5016007EB3DE /* gameboard.png in Resources */,
				A2400029199C4F6E007EB3DE /* drop.mp3 in Resources */,
			);
			runOnlyForDeploymentPostprocessing = 0;
		};
		A21FD4CD199C4C42000C40A2 /* Resources */ = {
			isa = PBXResourcesBuildPhase;
			buildActionMask = 2147483647;
			files = (
			);
			runOnlyForDeploymentPostprocessing = 0;
		};
/* End PBXResourcesBuildPhase section */

/* Begin PBXSourcesBuildPhase section */
		A21FD4B5199C4C41000C40A2 /* Sources */ = {
			isa = PBXSourcesBuildPhase;
			buildActionMask = 2147483647;
			files = (
				A21FD4C3199C4C41000C40A2 /* GameScene.swift in Sources */,
				A21FD4C5199C4C41000C40A2 /* GameViewController.swift in Sources */,
				A21FD4BF199C4C41000C40A2 /* AppDelegate.swift in Sources */,
			);
			runOnlyForDeploymentPostprocessing = 0;
		};
		A21FD4CB199C4C42000C40A2 /* Sources */ = {
			isa = PBXSourcesBuildPhase;
			buildActionMask = 2147483647;
			files = (
				A21FD4D6199C4C42000C40A2 /* SwiftrisTests.swift in Sources */,
			);
			runOnlyForDeploymentPostprocessing = 0;
		};
/* End PBXSourcesBuildPhase section */

/* Begin PBXTargetDependency section */
		A21FD4D1199C4C42000C40A2 /* PBXTargetDependency */ = {
			isa = PBXTargetDependency;
			target = A21FD4B8199C4C41000C40A2 /* Swiftris */;
			targetProxy = A21FD4D0199C4C42000C40A2 /* PBXContainerItemProxy */;
		};
/* End PBXTargetDependency section */

/* Begin PBXVariantGroup section */
		A21FD4C6199C4C41000C40A2 /* Main.storyboard */ = {
			isa = PBXVariantGroup;
			children = (
				A21FD4C7199C4C41000C40A2 /* Base */,
			);
			name = Main.storyboard;
			sourceTree = "<group>";
		};
/* End PBXVariantGroup section */

/* Begin XCBuildConfiguration section */
		A21FD4D7199C4C42000C40A2 /* Debug */ = {
			isa = XCBuildConfiguration;
			buildSettings = {
				ALWAYS_SEARCH_USER_PATHS = NO;
				CLANG_CXX_LANGUAGE_STANDARD = "gnu++0x";
				CLANG_CXX_LIBRARY = "libc++";
				CLANG_ENABLE_MODULES = YES;
				CLANG_ENABLE_OBJC_ARC = YES;
				CLANG_WARN_BOOL_CONVERSION = YES;
				CLANG_WARN_CONSTANT_CONVERSION = YES;
				CLANG_WARN_DIRECT_OBJC_ISA_USAGE = YES_ERROR;
				CLANG_WARN_EMPTY_BODY = YES;
				CLANG_WARN_ENUM_CONVERSION = YES;
				CLANG_WARN_INT_CONVERSION = YES;
				CLANG_WARN_OBJC_ROOT_CLASS = YES_ERROR;
				CLANG_WARN_UNREACHABLE_CODE = YES;
				CLANG_WARN__DUPLICATE_METHOD_MATCH = YES;
				"CODE_SIGN_IDENTITY[sdk=iphoneos*]" = "iPhone Developer";
				COPY_PHASE_STRIP = NO;
				ENABLE_STRICT_OBJC_MSGSEND = YES;
				GCC_C_LANGUAGE_STANDARD = gnu99;
				GCC_DYNAMIC_NO_PIC = NO;
				GCC_OPTIMIZATION_LEVEL = 0;
				GCC_PREPROCESSOR_DEFINITIONS = (
					"DEBUG=1",
					"$(inherited)",
				);
				GCC_SYMBOLS_PRIVATE_EXTERN = NO;
				GCC_WARN_64_TO_32_BIT_CONVERSION = YES;
				GCC_WARN_ABOUT_RETURN_TYPE = YES_ERROR;
				GCC_WARN_UNDECLARED_SELECTOR = YES;
				GCC_WARN_UNINITIALIZED_AUTOS = YES_AGGRESSIVE;
				GCC_WARN_UNUSED_FUNCTION = YES;
				GCC_WARN_UNUSED_VARIABLE = YES;
				IPHONEOS_DEPLOYMENT_TARGET = 8.0;
				MTL_ENABLE_DEBUG_INFO = YES;
				ONLY_ACTIVE_ARCH = YES;
				SDKROOT = iphoneos;
				SWIFT_OPTIMIZATION_LEVEL = "-Onone";
			};
			name = Debug;
		};
		A21FD4D8199C4C42000C40A2 /* Release */ = {
			isa = XCBuildConfiguration;
			buildSettings = {
				ALWAYS_SEARCH_USER_PATHS = NO;
				CLANG_CXX_LANGUAGE_STANDARD = "gnu++0x";
				CLANG_CXX_LIBRARY = "libc++";
				CLANG_ENABLE_MODULES = YES;
				CLANG_ENABLE_OBJC_ARC = YES;
				CLANG_WARN_BOOL_CONVERSION = YES;
				CLANG_WARN_CONSTANT_CONVERSION = YES;
				CLANG_WARN_DIRECT_OBJC_ISA_USAGE = YES_ERROR;
				CLANG_WARN_EMPTY_BODY = YES;
				CLANG_WARN_ENUM_CONVERSION = YES;
				CLANG_WARN_INT_CONVERSION = YES;
				CLANG_WARN_OBJC_ROOT_CLASS = YES_ERROR;
				CLANG_WARN_UNREACHABLE_CODE = YES;
				CLANG_WARN__DUPLICATE_METHOD_MATCH = YES;
				"CODE_SIGN_IDENTITY[sdk=iphoneos*]" = "iPhone Developer";
				COPY_PHASE_STRIP = YES;
				ENABLE_NS_ASSERTIONS = NO;
				ENABLE_STRICT_OBJC_MSGSEND = YES;
				GCC_C_LANGUAGE_STANDARD = gnu99;
				GCC_WARN_64_TO_32_BIT_CONVERSION = YES;
				GCC_WARN_ABOUT_RETURN_TYPE = YES_ERROR;
				GCC_WARN_UNDECLARED_SELECTOR = YES;
				GCC_WARN_UNINITIALIZED_AUTOS = YES_AGGRESSIVE;
				GCC_WARN_UNUSED_FUNCTION = YES;
				GCC_WARN_UNUSED_VARIABLE = YES;
				IPHONEOS_DEPLOYMENT_TARGET = 8.0;
				MTL_ENABLE_DEBUG_INFO = NO;
				SDKROOT = iphoneos;
				VALIDATE_PRODUCT = YES;
			};
			name = Release;
		};
		A21FD4DA199C4C42000C40A2 /* Debug */ = {
			isa = XCBuildConfiguration;
			buildSettings = {
				ASSETCATALOG_COMPILER_APPICON_NAME = AppIcon;
				ASSETCATALOG_COMPILER_LAUNCHIMAGE_NAME = LaunchImage;
				INFOPLIST_FILE = Swiftris/Info.plist;
				LD_RUNPATH_SEARCH_PATHS = "$(inherited) @executable_path/Frameworks";
				PRODUCT_NAME = "$(TARGET_NAME)";
			};
			name = Debug;
		};
		A21FD4DB199C4C42000C40A2 /* Release */ = {
			isa = XCBuildConfiguration;
			buildSettings = {
				ASSETCATALOG_COMPILER_APPICON_NAME = AppIcon;
				ASSETCATALOG_COMPILER_LAUNCHIMAGE_NAME = LaunchImage;
				INFOPLIST_FILE = Swiftris/Info.plist;
				LD_RUNPATH_SEARCH_PATHS = "$(inherited) @executable_path/Frameworks";
				PRODUCT_NAME = "$(TARGET_NAME)";
			};
			name = Release;
		};
		A21FD4DD199C4C42000C40A2 /* Debug */ = {
			isa = XCBuildConfiguration;
			buildSettings = {
				BUNDLE_LOADER = "$(TEST_HOST)";
				FRAMEWORK_SEARCH_PATHS = (
					"$(SDKROOT)/Developer/Library/Frameworks",
					"$(inherited)",
				);
				GCC_PREPROCESSOR_DEFINITIONS = (
					"DEBUG=1",
					"$(inherited)",
				);
				INFOPLIST_FILE = SwiftrisTests/Info.plist;
				LD_RUNPATH_SEARCH_PATHS = "$(inherited) @executable_path/Frameworks @loader_path/Frameworks";
				PRODUCT_NAME = "$(TARGET_NAME)";
				TEST_HOST = "$(BUILT_PRODUCTS_DIR)/Swiftris.app/Swiftris";
			};
			name = Debug;
		};
		A21FD4DE199C4C42000C40A2 /* Release */ = {
			isa = XCBuildConfiguration;
			buildSettings = {
				BUNDLE_LOADER = "$(TEST_HOST)";
				FRAMEWORK_SEARCH_PATHS = (
					"$(SDKROOT)/Developer/Library/Frameworks",
					"$(inherited)",
				);
				INFOPLIST_FILE = SwiftrisTests/Info.plist;
				LD_RUNPATH_SEARCH_PATHS = "$(inherited) @executable_path/Frameworks @loader_path/Frameworks";
				PRODUCT_NAME = "$(TARGET_NAME)";
				TEST_HOST = "$(BUILT_PRODUCTS_DIR)/Swiftris.app/Swiftris";
			};
			name = Release;
		};
/* End XCBuildConfiguration section */

/* Begin XCConfigurationList section */
		A21FD4B4199C4C41000C40A2 /* Build configuration list for PBXProject "Swiftris" */ = {
			isa = XCConfigurationList;
			buildConfigurations = (
				A21FD4D7199C4C42000C40A2 /* Debug */,
				A21FD4D8199C4C42000C40A2 /* Release */,
			);
			defaultConfigurationIsVisible = 0;
			defaultConfigurationName = Release;
		};
		A21FD4D9199C4C42000C40A2 /* Build configuration list for PBXNativeTarget "Swiftris" */ = {
			isa = XCConfigurationList;
			buildConfigurations = (
				A21FD4DA199C4C42000C40A2 /* Debug */,
				A21FD4DB199C4C42000C40A2 /* Release */,
			);
			defaultConfigurationIsVisible = 0;
			defaultConfigurationName = Release;
		};
		A21FD4DC199C4C42000C40A2 /* Build configuration list for PBXNativeTarget "SwiftrisTests" */ = {
			isa = XCConfigurationList;
			buildConfigurations = (
				A21FD4DD199C4C42000C40A2 /* Debug */,
				A21FD4DE199C4C42000C40A2 /* Release */,
			);
			defaultConfigurationIsVisible = 0;
			defaultConfigurationName = Release;
		};
/* End XCConfigurationList section */
	};
	rootObject = A21FD4B1199C4C41000C40A2 /* Project object */;
}
